
Microsoft Visual Studio Solution File, Format Version 12.00
# Visual Studio 15
VisualStudioVersion = 15.0.27130.2010
MinimumVisualStudioVersion = 10.0.40219.1
Project("{8BC9CEB8-8B4A-11D0-8D11-00A0C91BC942}") = "001. 일반각", "001. 일반각\001. 일반각.vcxproj", "{DCA77EE6-1F40-45B4-8A07-064F1FF1F3B6}"
EndProject
Project("{8BC9CEB8-8B4A-11D0-8D11-00A0C91BC942}") = "002. 호도법", "002. 호도법\002. 호도법.vcxproj", "{832CDD4F-7248-483E-A82F-EFBBE7A6C6AA}"
EndProject
Project("{8BC9CEB8-8B4A-11D0-8D11-00A0C91BC942}") = "003. 삼각함수", "003. 삼각함수\003. 삼각함수.vcxproj", "{60A03015-0F91-4CD4-B524-79F9DFB98043}"
EndProject
Project("{8BC9CEB8-8B4A-11D0-8D11-00A0C91BC942}") = "004. 벡터의 정의", "004. 벡터의 정의\004. 벡터의 정의.vcxproj", "{9E506E60-EDF2-44D6-AD63-283A8E865118}"
EndProject
Project("{8BC9CEB8-8B4A-11D0-8D11-00A0C91BC942}") = "005. 벡터의 덧셈과 뺄셈", "005. 벡터의 덧셈과 뺄셈\005. 벡터의 덧셈과 뺄셈.vcxproj", "{11E230A4-8339-4368-824D-F658842C6E31}"
EndProject
Project("{8BC9CEB8-8B4A-11D0-8D11-00A0C91BC942}") = "006. 벡터의 정규화", "006. 벡터의 정규화\006. 벡터의 정규화.vcxproj", "{CDBFAE65-E4B1-4C27-B7FF-8E693354F2F9}"
EndProject
Project("{8BC9CEB8-8B4A-11D0-8D11-00A0C91BC942}") = "007. 벡터의 내적", "007. 벡터의 내적\007. 벡터의 내적.vcxproj", "{5983C3CC-4AD4-4828-9BE5-A76EA59468AE}"
EndProject
Project("{8BC9CEB8-8B4A-11D0-8D11-00A0C91BC942}") = "008. 벡터의 외적", "008. 벡터의 외적\008. 벡터의 외적.vcxproj", "{49741B02-CE4C-4D58-A2D1-184490550AD6}"
EndProject
Project("{8BC9CEB8-8B4A-11D0-8D11-00A0C91BC942}") = "010. 행렬의 종류", "010. 행렬의 종류\010. 행렬의 종류.vcxproj", "{D8D866F4-954E-4D7E-A847-9F2EC9C0602B}"
EndProject
Project("{8BC9CEB8-8B4A-11D0-8D11-00A0C91BC942}") = "009. 행렬의 정의", "009. 행렬의 정의\009. 행렬의 정의.vcxproj", "{6896BA10-2EFC-44F7-8C0B-B2A574845FEA}"
EndProject
Project("{8BC9CEB8-8B4A-11D0-8D11-00A0C91BC942}") = "011. 행렬의 덧셈과 뺄셈", "011. 행렬의 덧셈과 뺄셈\011. 행렬의 덧셈과 뺄셈.vcxproj", "{B46329C7-7C7A-43C9-B632-02C392002D12}"
EndProject
Project("{8BC9CEB8-8B4A-11D0-8D11-00A0C91BC942}") = "012. 행렬의 스칼라곱셈", "012. 행렬의 스칼라곱셈\012. 행렬의 스칼라곱셈.vcxproj", "{44EACF99-1CAD-47E7-8889-91DDE6AD4B62}"
EndProject
Project("{8BC9CEB8-8B4A-11D0-8D11-00A0C91BC942}") = "013. 행렬의 곱셈", "013. 행렬의 곱셈\013. 행렬의 곱셈.vcxproj", "{5194C801-1B95-4ECC-B99F-7046AD9D7F95}"
EndProject
Project("{8BC9CEB8-8B4A-11D0-8D11-00A0C91BC942}") = "014. 라플라스 전개", "014. 라플라스 전개\014. 라플라스 전개.vcxproj", "{EF8ED9AE-9FA6-4976-9830-88C86CA5D5D3}"
EndProject
Project("{8BC9CEB8-8B4A-11D0-8D11-00A0C91BC942}") = "015. 가우스 소거법(전방 소거)", "015. 가우스 소거법(전방 소거)\015. 가우스 소거법(전방 소거).vcxproj", "{034FF2D8-1904-4992-9484-7576D127C4C9}"
EndProject
Project("{8BC9CEB8-8B4A-11D0-8D11-00A0C91BC942}") = "016. 역행렬", "016. 역행렬\016. 역행렬.vcxproj", "{D6DBBCE6-B52C-43A0-B9C2-92D3955E86E1}"
EndProject
Project("{8BC9CEB8-8B4A-11D0-8D11-00A0C91BC942}") = "017. 가우스-조던 소거법", "017. 가우스-조던 소거법\017. 가우스-조던 소거법.vcxproj", "{5A30783C-E656-4ADA-AE09-110630DA04F3}"
EndProject
Global
	GlobalSection(SolutionConfigurationPlatforms) = preSolution
		Debug|x64 = Debug|x64
		Debug|x86 = Debug|x86
		Release|x64 = Release|x64
		Release|x86 = Release|x86
	EndGlobalSection
	GlobalSection(ProjectConfigurationPlatforms) = postSolution
		{DCA77EE6-1F40-45B4-8A07-064F1FF1F3B6}.Debug|x64.ActiveCfg = Debug|x64
		{DCA77EE6-1F40-45B4-8A07-064F1FF1F3B6}.Debug|x64.Build.0 = Debug|x64
		{DCA77EE6-1F40-45B4-8A07-064F1FF1F3B6}.Debug|x86.ActiveCfg = Debug|Win32
		{DCA77EE6-1F40-45B4-8A07-064F1FF1F3B6}.Debug|x86.Build.0 = Debug|Win32
		{DCA77EE6-1F40-45B4-8A07-064F1FF1F3B6}.Release|x64.ActiveCfg = Release|x64
		{DCA77EE6-1F40-45B4-8A07-064F1FF1F3B6}.Release|x64.Build.0 = Release|x64
		{DCA77EE6-1F40-45B4-8A07-064F1FF1F3B6}.Release|x86.ActiveCfg = Release|Win32
		{DCA77EE6-1F40-45B4-8A07-064F1FF1F3B6}.Release|x86.Build.0 = Release|Win32
		{832CDD4F-7248-483E-A82F-EFBBE7A6C6AA}.Debug|x64.ActiveCfg = Debug|x64
		{832CDD4F-7248-483E-A82F-EFBBE7A6C6AA}.Debug|x64.Build.0 = Debug|x64
		{832CDD4F-7248-483E-A82F-EFBBE7A6C6AA}.Debug|x86.ActiveCfg = Debug|Win32
		{832CDD4F-7248-483E-A82F-EFBBE7A6C6AA}.Debug|x86.Build.0 = Debug|Win32
		{832CDD4F-7248-483E-A82F-EFBBE7A6C6AA}.Release|x64.ActiveCfg = Release|x64
		{832CDD4F-7248-483E-A82F-EFBBE7A6C6AA}.Release|x64.Build.0 = Release|x64
		{832CDD4F-7248-483E-A82F-EFBBE7A6C6AA}.Release|x86.ActiveCfg = Release|Win32
		{832CDD4F-7248-483E-A82F-EFBBE7A6C6AA}.Release|x86.Build.0 = Release|Win32
		{60A03015-0F91-4CD4-B524-79F9DFB98043}.Debug|x64.ActiveCfg = Debug|x64
		{60A03015-0F91-4CD4-B524-79F9DFB98043}.Debug|x64.Build.0 = Debug|x64
		{60A03015-0F91-4CD4-B524-79F9DFB98043}.Debug|x86.ActiveCfg = Debug|Win32
		{60A03015-0F91-4CD4-B524-79F9DFB98043}.Debug|x86.Build.0 = Debug|Win32
		{60A03015-0F91-4CD4-B524-79F9DFB98043}.Release|x64.ActiveCfg = Release|x64
		{60A03015-0F91-4CD4-B524-79F9DFB98043}.Release|x64.Build.0 = Release|x64
		{60A03015-0F91-4CD4-B524-79F9DFB98043}.Release|x86.ActiveCfg = Release|Win32
		{60A03015-0F91-4CD4-B524-79F9DFB98043}.Release|x86.Build.0 = Release|Win32
		{9E506E60-EDF2-44D6-AD63-283A8E865118}.Debug|x64.ActiveCfg = Debug|x64
		{9E506E60-EDF2-44D6-AD63-283A8E865118}.Debug|x64.Build.0 = Debug|x64
		{9E506E60-EDF2-44D6-AD63-283A8E865118}.Debug|x86.ActiveCfg = Debug|Win32
		{9E506E60-EDF2-44D6-AD63-283A8E865118}.Debug|x86.Build.0 = Debug|Win32
		{9E506E60-EDF2-44D6-AD63-283A8E865118}.Release|x64.ActiveCfg = Release|x64
		{9E506E60-EDF2-44D6-AD63-283A8E865118}.Release|x64.Build.0 = Release|x64
		{9E506E60-EDF2-44D6-AD63-283A8E865118}.Release|x86.ActiveCfg = Release|Win32
		{9E506E60-EDF2-44D6-AD63-283A8E865118}.Release|x86.Build.0 = Release|Win32
		{11E230A4-8339-4368-824D-F658842C6E31}.Debug|x64.ActiveCfg = Debug|x64
		{11E230A4-8339-4368-824D-F658842C6E31}.Debug|x64.Build.0 = Debug|x64
		{11E230A4-8339-4368-824D-F658842C6E31}.Debug|x86.ActiveCfg = Debug|Win32
		{11E230A4-8339-4368-824D-F658842C6E31}.Debug|x86.Build.0 = Debug|Win32
		{11E230A4-8339-4368-824D-F658842C6E31}.Release|x64.ActiveCfg = Release|x64
		{11E230A4-8339-4368-824D-F658842C6E31}.Release|x64.Build.0 = Release|x64
		{11E230A4-8339-4368-824D-F658842C6E31}.Release|x86.ActiveCfg = Release|Win32
		{11E230A4-8339-4368-824D-F658842C6E31}.Release|x86.Build.0 = Release|Win32
		{CDBFAE65-E4B1-4C27-B7FF-8E693354F2F9}.Debug|x64.ActiveCfg = Debug|x64
		{CDBFAE65-E4B1-4C27-B7FF-8E693354F2F9}.Debug|x64.Build.0 = Debug|x64
		{CDBFAE65-E4B1-4C27-B7FF-8E693354F2F9}.Debug|x86.ActiveCfg = Debug|Win32
		{CDBFAE65-E4B1-4C27-B7FF-8E693354F2F9}.Debug|x86.Build.0 = Debug|Win32
		{CDBFAE65-E4B1-4C27-B7FF-8E693354F2F9}.Release|x64.ActiveCfg = Release|x64
		{CDBFAE65-E4B1-4C27-B7FF-8E693354F2F9}.Release|x64.Build.0 = Release|x64
		{CDBFAE65-E4B1-4C27-B7FF-8E693354F2F9}.Release|x86.ActiveCfg = Release|Win32
		{CDBFAE65-E4B1-4C27-B7FF-8E693354F2F9}.Release|x86.Build.0 = Release|Win32
		{5983C3CC-4AD4-4828-9BE5-A76EA59468AE}.Debug|x64.ActiveCfg = Debug|x64
		{5983C3CC-4AD4-4828-9BE5-A76EA59468AE}.Debug|x64.Build.0 = Debug|x64
		{5983C3CC-4AD4-4828-9BE5-A76EA59468AE}.Debug|x86.ActiveCfg = Debug|Win32
		{5983C3CC-4AD4-4828-9BE5-A76EA59468AE}.Debug|x86.Build.0 = Debug|Win32
		{5983C3CC-4AD4-4828-9BE5-A76EA59468AE}.Release|x64.ActiveCfg = Release|x64
		{5983C3CC-4AD4-4828-9BE5-A76EA59468AE}.Release|x64.Build.0 = Release|x64
		{5983C3CC-4AD4-4828-9BE5-A76EA59468AE}.Release|x86.ActiveCfg = Release|Win32
		{5983C3CC-4AD4-4828-9BE5-A76EA59468AE}.Release|x86.Build.0 = Release|Win32
		{49741B02-CE4C-4D58-A2D1-184490550AD6}.Debug|x64.ActiveCfg = Debug|x64
		{49741B02-CE4C-4D58-A2D1-184490550AD6}.Debug|x64.Build.0 = Debug|x64
		{49741B02-CE4C-4D58-A2D1-184490550AD6}.Debug|x86.ActiveCfg = Debug|Win32
		{49741B02-CE4C-4D58-A2D1-184490550AD6}.Debug|x86.Build.0 = Debug|Win32
		{49741B02-CE4C-4D58-A2D1-184490550AD6}.Release|x64.ActiveCfg = Release|x64
		{49741B02-CE4C-4D58-A2D1-184490550AD6}.Release|x64.Build.0 = Release|x64
		{49741B02-CE4C-4D58-A2D1-184490550AD6}.Release|x86.ActiveCfg = Release|Win32
		{49741B02-CE4C-4D58-A2D1-184490550AD6}.Release|x86.Build.0 = Release|Win32
		{D8D866F4-954E-4D7E-A847-9F2EC9C0602B}.Debug|x64.ActiveCfg = Debug|x64
		{D8D866F4-954E-4D7E-A847-9F2EC9C0602B}.Debug|x64.Build.0 = Debug|x64
		{D8D866F4-954E-4D7E-A847-9F2EC9C0602B}.Debug|x86.ActiveCfg = Debug|Win32
		{D8D866F4-954E-4D7E-A847-9F2EC9C0602B}.Debug|x86.Build.0 = Debug|Win32
		{D8D866F4-954E-4D7E-A847-9F2EC9C0602B}.Release|x64.ActiveCfg = Release|x64
		{D8D866F4-954E-4D7E-A847-9F2EC9C0602B}.Release|x64.Build.0 = Release|x64
		{D8D866F4-954E-4D7E-A847-9F2EC9C0602B}.Release|x86.ActiveCfg = Release|Win32
		{D8D866F4-954E-4D7E-A847-9F2EC9C0602B}.Release|x86.Build.0 = Release|Win32
		{6896BA10-2EFC-44F7-8C0B-B2A574845FEA}.Debug|x64.ActiveCfg = Debug|x64
		{6896BA10-2EFC-44F7-8C0B-B2A574845FEA}.Debug|x64.Build.0 = Debug|x64
		{6896BA10-2EFC-44F7-8C0B-B2A574845FEA}.Debug|x86.ActiveCfg = Debug|Win32
		{6896BA10-2EFC-44F7-8C0B-B2A574845FEA}.Debug|x86.Build.0 = Debug|Win32
		{6896BA10-2EFC-44F7-8C0B-B2A574845FEA}.Release|x64.ActiveCfg = Release|x64
		{6896BA10-2EFC-44F7-8C0B-B2A574845FEA}.Release|x64.Build.0 = Release|x64
		{6896BA10-2EFC-44F7-8C0B-B2A574845FEA}.Release|x86.ActiveCfg = Release|Win32
		{6896BA10-2EFC-44F7-8C0B-B2A574845FEA}.Release|x86.Build.0 = Release|Win32
		{B46329C7-7C7A-43C9-B632-02C392002D12}.Debug|x64.ActiveCfg = Debug|x64
		{B46329C7-7C7A-43C9-B632-02C392002D12}.Debug|x64.Build.0 = Debug|x64
		{B46329C7-7C7A-43C9-B632-02C392002D12}.Debug|x86.ActiveCfg = Debug|Win32
		{B46329C7-7C7A-43C9-B632-02C392002D12}.Debug|x86.Build.0 = Debug|Win32
		{B46329C7-7C7A-43C9-B632-02C392002D12}.Release|x64.ActiveCfg = Release|x64
		{B46329C7-7C7A-43C9-B632-02C392002D12}.Release|x64.Build.0 = Release|x64
		{B46329C7-7C7A-43C9-B632-02C392002D12}.Release|x86.ActiveCfg = Release|Win32
		{B46329C7-7C7A-43C9-B632-02C392002D12}.Release|x86.Build.0 = Release|Win32
		{44EACF99-1CAD-47E7-8889-91DDE6AD4B62}.Debug|x64.ActiveCfg = Debug|x64
		{44EACF99-1CAD-47E7-8889-91DDE6AD4B62}.Debug|x64.Build.0 = Debug|x64
		{44EACF99-1CAD-47E7-8889-91DDE6AD4B62}.Debug|x86.ActiveCfg = Debug|Win32
		{44EACF99-1CAD-47E7-8889-91DDE6AD4B62}.Debug|x86.Build.0 = Debug|Win32
		{44EACF99-1CAD-47E7-8889-91DDE6AD4B62}.Release|x64.ActiveCfg = Release|x64
		{44EACF99-1CAD-47E7-8889-91DDE6AD4B62}.Release|x64.Build.0 = Release|x64
		{44EACF99-1CAD-47E7-8889-91DDE6AD4B62}.Release|x86.ActiveCfg = Release|Win32
		{44EACF99-1CAD-47E7-8889-91DDE6AD4B62}.Release|x86.Build.0 = Release|Win32
		{5194C801-1B95-4ECC-B99F-7046AD9D7F95}.Debug|x64.ActiveCfg = Debug|x64
		{5194C801-1B95-4ECC-B99F-7046AD9D7F95}.Debug|x64.Build.0 = Debug|x64
		{5194C801-1B95-4ECC-B99F-7046AD9D7F95}.Debug|x86.ActiveCfg = Debug|Win32
		{5194C801-1B95-4ECC-B99F-7046AD9D7F95}.Debug|x86.Build.0 = Debug|Win32
		{5194C801-1B95-4ECC-B99F-7046AD9D7F95}.Release|x64.ActiveCfg = Release|x64
		{5194C801-1B95-4ECC-B99F-7046AD9D7F95}.Release|x64.Build.0 = Release|x64
		{5194C801-1B95-4ECC-B99F-7046AD9D7F95}.Release|x86.ActiveCfg = Release|Win32
		{5194C801-1B95-4ECC-B99F-7046AD9D7F95}.Release|x86.Build.0 = Release|Win32
		{EF8ED9AE-9FA6-4976-9830-88C86CA5D5D3}.Debug|x64.ActiveCfg = Debug|x64
		{EF8ED9AE-9FA6-4976-9830-88C86CA5D5D3}.Debug|x64.Build.0 = Debug|x64
		{EF8ED9AE-9FA6-4976-9830-88C86CA5D5D3}.Debug|x86.ActiveCfg = Debug|Win32
		{EF8ED9AE-9FA6-4976-9830-88C86CA5D5D3}.Debug|x86.Build.0 = Debug|Win32
		{EF8ED9AE-9FA6-4976-9830-88C86CA5D5D3}.Release|x64.ActiveCfg = Release|x64
		{EF8ED9AE-9FA6-4976-9830-88C86CA5D5D3}.Release|x64.Build.0 = Release|x64
		{EF8ED9AE-9FA6-4976-9830-88C86CA5D5D3}.Release|x86.ActiveCfg = Release|Win32
		{EF8ED9AE-9FA6-4976-9830-88C86CA5D5D3}.Release|x86.Build.0 = Release|Win32
		{034FF2D8-1904-4992-9484-7576D127C4C9}.Debug|x64.ActiveCfg = Debug|x64
		{034FF2D8-1904-4992-9484-7576D127C4C9}.Debug|x64.Build.0 = Debug|x64
		{034FF2D8-1904-4992-9484-7576D127C4C9}.Debug|x86.ActiveCfg = Debug|Win32
		{034FF2D8-1904-4992-9484-7576D127C4C9}.Debug|x86.Build.0 = Debug|Win32
		{034FF2D8-1904-4992-9484-7576D127C4C9}.Release|x64.ActiveCfg = Release|x64
		{034FF2D8-1904-4992-9484-7576D127C4C9}.Release|x64.Build.0 = Release|x64
		{034FF2D8-1904-4992-9484-7576D127C4C9}.Release|x86.ActiveCfg = Release|Win32
		{034FF2D8-1904-4992-9484-7576D127C4C9}.Release|x86.Build.0 = Release|Win32
		{D6DBBCE6-B52C-43A0-B9C2-92D3955E86E1}.Debug|x64.ActiveCfg = Debug|x64
		{D6DBBCE6-B52C-43A0-B9C2-92D3955E86E1}.Debug|x64.Build.0 = Debug|x64
		{D6DBBCE6-B52C-43A0-B9C2-92D3955E86E1}.Debug|x86.ActiveCfg = Debug|Win32
		{D6DBBCE6-B52C-43A0-B9C2-92D3955E86E1}.Debug|x86.Build.0 = Debug|Win32
		{D6DBBCE6-B52C-43A0-B9C2-92D3955E86E1}.Release|x64.ActiveCfg = Release|x64
		{D6DBBCE6-B52C-43A0-B9C2-92D3955E86E1}.Release|x64.Build.0 = Release|x64
		{D6DBBCE6-B52C-43A0-B9C2-92D3955E86E1}.Release|x86.ActiveCfg = Release|Win32
		{D6DBBCE6-B52C-43A0-B9C2-92D3955E86E1}.Release|x86.Build.0 = Release|Win32
		{5A30783C-E656-4ADA-AE09-110630DA04F3}.Debug|x64.ActiveCfg = Debug|x64
		{5A30783C-E656-4ADA-AE09-110630DA04F3}.Debug|x64.Build.0 = Debug|x64
		{5A30783C-E656-4ADA-AE09-110630DA04F3}.Debug|x86.ActiveCfg = Debug|Win32
		{5A30783C-E656-4ADA-AE09-110630DA04F3}.Debug|x86.Build.0 = Debug|Win32
		{5A30783C-E656-4ADA-AE09-110630DA04F3}.Release|x64.ActiveCfg = Release|x64
		{5A30783C-E656-4ADA-AE09-110630DA04F3}.Release|x64.Build.0 = Release|x64
		{5A30783C-E656-4ADA-AE09-110630DA04F3}.Release|x86.ActiveCfg = Release|Win32
		{5A30783C-E656-4ADA-AE09-110630DA04F3}.Release|x86.Build.0 = Release|Win32
	EndGlobalSection
	GlobalSection(SolutionProperties) = preSolution
		HideSolutionNode = FALSE
	EndGlobalSection
	GlobalSection(ExtensibilityGlobals) = postSolution
		SolutionGuid = {AD5716F3-A2A8-42E9-AE32-4DF2BD363D46}
	EndGlobalSection
EndGlobal
