
Microsoft Visual Studio Solution File, Format Version 12.00
# Visual Studio 15
VisualStudioVersion = 15.0.27130.2010
MinimumVisualStudioVersion = 10.0.40219.1
Project("{8BC9CEB8-8B4A-11D0-8D11-00A0C91BC942}") = "001. 일반각", "001. 일반각\001. 일반각.vcxproj", "{DCA77EE6-1F40-45B4-8A07-064F1FF1F3B6}"
EndProject
Project("{8BC9CEB8-8B4A-11D0-8D11-00A0C91BC942}") = "002. 호도법", "002. 호도법\002. 호도법.vcxproj", "{832CDD4F-7248-483E-A82F-EFBBE7A6C6AA}"
EndProject
Project("{8BC9CEB8-8B4A-11D0-8D11-00A0C91BC942}") = "003. 삼각함수", "003. 삼각함수\003. 삼각함수.vcxproj", "{60A03015-0F91-4CD4-B524-79F9DFB98043}"
EndProject
Project("{8BC9CEB8-8B4A-11D0-8D11-00A0C91BC942}") = "004. 벡터의 정의", "004. 벡터의 정의\004. 벡터의 정의.vcxproj", "{9E506E60-EDF2-44D6-AD63-283A8E865118}"
EndProject
Project("{8BC9CEB8-8B4A-11D0-8D11-00A0C91BC942}") = "005. 벡터의 덧셈과 뺄셈", "005. 벡터의 덧셈과 뺄셈\005. 벡터의 덧셈과 뺄셈.vcxproj", "{11E230A4-8339-4368-824D-F658842C6E31}"
EndProject
Project("{8BC9CEB8-8B4A-11D0-8D11-00A0C91BC942}") = "006. 벡터의 정규화", "006. 벡터의 정규화\006. 벡터의 정규화.vcxproj", "{CDBFAE65-E4B1-4C27-B7FF-8E693354F2F9}"
EndProject
Project("{8BC9CEB8-8B4A-11D0-8D11-00A0C91BC942}") = "007. 벡터의 내적", "007. 벡터의 내적\007. 벡터의 내적.vcxproj", "{5983C3CC-4AD4-4828-9BE5-A76EA59468AE}"
EndProject
Project("{8BC9CEB8-8B4A-11D0-8D11-00A0C91BC942}") = "008. 벡터의 외적", "008. 벡터의 외적\008. 벡터의 외적.vcxproj", "{49741B02-CE4C-4D58-A2D1-184490550AD6}"
EndProject
Global
	GlobalSection(SolutionConfigurationPlatforms) = preSolution
		Debug|x64 = Debug|x64
		Debug|x86 = Debug|x86
		Release|x64 = Release|x64
		Release|x86 = Release|x86
	EndGlobalSection
	GlobalSection(ProjectConfigurationPlatforms) = postSolution
		{DCA77EE6-1F40-45B4-8A07-064F1FF1F3B6}.Debug|x64.ActiveCfg = Debug|x64
		{DCA77EE6-1F40-45B4-8A07-064F1FF1F3B6}.Debug|x64.Build.0 = Debug|x64
		{DCA77EE6-1F40-45B4-8A07-064F1FF1F3B6}.Debug|x86.ActiveCfg = Debug|Win32
		{DCA77EE6-1F40-45B4-8A07-064F1FF1F3B6}.Debug|x86.Build.0 = Debug|Win32
		{DCA77EE6-1F40-45B4-8A07-064F1FF1F3B6}.Release|x64.ActiveCfg = Release|x64
		{DCA77EE6-1F40-45B4-8A07-064F1FF1F3B6}.Release|x64.Build.0 = Release|x64
		{DCA77EE6-1F40-45B4-8A07-064F1FF1F3B6}.Release|x86.ActiveCfg = Release|Win32
		{DCA77EE6-1F40-45B4-8A07-064F1FF1F3B6}.Release|x86.Build.0 = Release|Win32
		{832CDD4F-7248-483E-A82F-EFBBE7A6C6AA}.Debug|x64.ActiveCfg = Debug|x64
		{832CDD4F-7248-483E-A82F-EFBBE7A6C6AA}.Debug|x64.Build.0 = Debug|x64
		{832CDD4F-7248-483E-A82F-EFBBE7A6C6AA}.Debug|x86.ActiveCfg = Debug|Win32
		{832CDD4F-7248-483E-A82F-EFBBE7A6C6AA}.Debug|x86.Build.0 = Debug|Win32
		{832CDD4F-7248-483E-A82F-EFBBE7A6C6AA}.Release|x64.ActiveCfg = Release|x64
		{832CDD4F-7248-483E-A82F-EFBBE7A6C6AA}.Release|x64.Build.0 = Release|x64
		{832CDD4F-7248-483E-A82F-EFBBE7A6C6AA}.Release|x86.ActiveCfg = Release|Win32
		{832CDD4F-7248-483E-A82F-EFBBE7A6C6AA}.Release|x86.Build.0 = Release|Win32
		{60A03015-0F91-4CD4-B524-79F9DFB98043}.Debug|x64.ActiveCfg = Debug|x64
		{60A03015-0F91-4CD4-B524-79F9DFB98043}.Debug|x64.Build.0 = Debug|x64
		{60A03015-0F91-4CD4-B524-79F9DFB98043}.Debug|x86.ActiveCfg = Debug|Win32
		{60A03015-0F91-4CD4-B524-79F9DFB98043}.Debug|x86.Build.0 = Debug|Win32
		{60A03015-0F91-4CD4-B524-79F9DFB98043}.Release|x64.ActiveCfg = Release|x64
		{60A03015-0F91-4CD4-B524-79F9DFB98043}.Release|x64.Build.0 = Release|x64
		{60A03015-0F91-4CD4-B524-79F9DFB98043}.Release|x86.ActiveCfg = Release|Win32
		{60A03015-0F91-4CD4-B524-79F9DFB98043}.Release|x86.Build.0 = Release|Win32
		{9E506E60-EDF2-44D6-AD63-283A8E865118}.Debug|x64.ActiveCfg = Debug|x64
		{9E506E60-EDF2-44D6-AD63-283A8E865118}.Debug|x64.Build.0 = Debug|x64
		{9E506E60-EDF2-44D6-AD63-283A8E865118}.Debug|x86.ActiveCfg = Debug|Win32
		{9E506E60-EDF2-44D6-AD63-283A8E865118}.Debug|x86.Build.0 = Debug|Win32
		{9E506E60-EDF2-44D6-AD63-283A8E865118}.Release|x64.ActiveCfg = Release|x64
		{9E506E60-EDF2-44D6-AD63-283A8E865118}.Release|x64.Build.0 = Release|x64
		{9E506E60-EDF2-44D6-AD63-283A8E865118}.Release|x86.ActiveCfg = Release|Win32
		{9E506E60-EDF2-44D6-AD63-283A8E865118}.Release|x86.Build.0 = Release|Win32
		{11E230A4-8339-4368-824D-F658842C6E31}.Debug|x64.ActiveCfg = Debug|x64
		{11E230A4-8339-4368-824D-F658842C6E31}.Debug|x64.Build.0 = Debug|x64
		{11E230A4-8339-4368-824D-F658842C6E31}.Debug|x86.ActiveCfg = Debug|Win32
		{11E230A4-8339-4368-824D-F658842C6E31}.Debug|x86.Build.0 = Debug|Win32
		{11E230A4-8339-4368-824D-F658842C6E31}.Release|x64.ActiveCfg = Release|x64
		{11E230A4-8339-4368-824D-F658842C6E31}.Release|x64.Build.0 = Release|x64
		{11E230A4-8339-4368-824D-F658842C6E31}.Release|x86.ActiveCfg = Release|Win32
		{11E230A4-8339-4368-824D-F658842C6E31}.Release|x86.Build.0 = Release|Win32
		{CDBFAE65-E4B1-4C27-B7FF-8E693354F2F9}.Debug|x64.ActiveCfg = Debug|x64
		{CDBFAE65-E4B1-4C27-B7FF-8E693354F2F9}.Debug|x64.Build.0 = Debug|x64
		{CDBFAE65-E4B1-4C27-B7FF-8E693354F2F9}.Debug|x86.ActiveCfg = Debug|Win32
		{CDBFAE65-E4B1-4C27-B7FF-8E693354F2F9}.Debug|x86.Build.0 = Debug|Win32
		{CDBFAE65-E4B1-4C27-B7FF-8E693354F2F9}.Release|x64.ActiveCfg = Release|x64
		{CDBFAE65-E4B1-4C27-B7FF-8E693354F2F9}.Release|x64.Build.0 = Release|x64
		{CDBFAE65-E4B1-4C27-B7FF-8E693354F2F9}.Release|x86.ActiveCfg = Release|Win32
		{CDBFAE65-E4B1-4C27-B7FF-8E693354F2F9}.Release|x86.Build.0 = Release|Win32
		{5983C3CC-4AD4-4828-9BE5-A76EA59468AE}.Debug|x64.ActiveCfg = Debug|x64
		{5983C3CC-4AD4-4828-9BE5-A76EA59468AE}.Debug|x64.Build.0 = Debug|x64
		{5983C3CC-4AD4-4828-9BE5-A76EA59468AE}.Debug|x86.ActiveCfg = Debug|Win32
		{5983C3CC-4AD4-4828-9BE5-A76EA59468AE}.Debug|x86.Build.0 = Debug|Win32
		{5983C3CC-4AD4-4828-9BE5-A76EA59468AE}.Release|x64.ActiveCfg = Release|x64
		{5983C3CC-4AD4-4828-9BE5-A76EA59468AE}.Release|x64.Build.0 = Release|x64
		{5983C3CC-4AD4-4828-9BE5-A76EA59468AE}.Release|x86.ActiveCfg = Release|Win32
		{5983C3CC-4AD4-4828-9BE5-A76EA59468AE}.Release|x86.Build.0 = Release|Win32
		{49741B02-CE4C-4D58-A2D1-184490550AD6}.Debug|x64.ActiveCfg = Debug|x64
		{49741B02-CE4C-4D58-A2D1-184490550AD6}.Debug|x64.Build.0 = Debug|x64
		{49741B02-CE4C-4D58-A2D1-184490550AD6}.Debug|x86.ActiveCfg = Debug|Win32
		{49741B02-CE4C-4D58-A2D1-184490550AD6}.Debug|x86.Build.0 = Debug|Win32
		{49741B02-CE4C-4D58-A2D1-184490550AD6}.Release|x64.ActiveCfg = Release|x64
		{49741B02-CE4C-4D58-A2D1-184490550AD6}.Release|x64.Build.0 = Release|x64
		{49741B02-CE4C-4D58-A2D1-184490550AD6}.Release|x86.ActiveCfg = Release|Win32
		{49741B02-CE4C-4D58-A2D1-184490550AD6}.Release|x86.Build.0 = Release|Win32
	EndGlobalSection
	GlobalSection(SolutionProperties) = preSolution
		HideSolutionNode = FALSE
	EndGlobalSection
	GlobalSection(ExtensibilityGlobals) = postSolution
		SolutionGuid = {AD5716F3-A2A8-42E9-AE32-4DF2BD363D46}
	EndGlobalSection
EndGlobal
