
Microsoft Visual Studio Solution File, Format Version 12.00
# Visual Studio 15
VisualStudioVersion = 15.0.27130.2010
MinimumVisualStudioVersion = 10.0.40219.1
Project("{8BC9CEB8-8B4A-11D0-8D11-00A0C91BC942}") = "001. 기본 프로그램", "001. 기본 프로그램\001. 기본 프로그램.vcxproj", "{45B2E265-A23C-4851-BDFF-77289162288D}"
EndProject
Project("{8BC9CEB8-8B4A-11D0-8D11-00A0C91BC942}") = "002. 메시지 박스", "002. 메시지 박스\002. 메시지 박스.vcxproj", "{A03EA666-B053-4092-928D-204359E491EF}"
EndProject
Project("{8BC9CEB8-8B4A-11D0-8D11-00A0C91BC942}") = "003. GetLastError()", "003. GetLastError()\003. GetLastError().vcxproj", "{A5F1CDFB-0EC4-4567-869A-15785AC7CD92}"
EndProject
Project("{8BC9CEB8-8B4A-11D0-8D11-00A0C91BC942}") = "004. 자동 생성 코드", "004. 자동 생성 코드\004. 자동 생성 코드.vcxproj", "{DAF73DBC-6EC3-472E-95B2-C4E34C46B88D}"
EndProject
Project("{8BC9CEB8-8B4A-11D0-8D11-00A0C91BC942}") = "005. 커스텀 커서", "005. 커스텀 커서\005. 커스텀 커서.vcxproj", "{77A825BD-8D25-4DD6-921C-5AE3503997CC}"
EndProject
Project("{8BC9CEB8-8B4A-11D0-8D11-00A0C91BC942}") = "006. 다중 인스턴스 방지", "006. 다중 인스턴스 방지\006. 다중 인스턴스 방지.vcxproj", "{96C816A5-8AD2-4FB1-8F23-67EBC28DC3D7}"
EndProject
Project("{8BC9CEB8-8B4A-11D0-8D11-00A0C91BC942}") = "007. 비트맵 기초", "007. 비트맵 기초\007. 비트맵 기초.vcxproj", "{19598C12-E803-4482-8D52-A38A134BBB0D}"
EndProject
Project("{8BC9CEB8-8B4A-11D0-8D11-00A0C91BC942}") = "008. 비트 패턴 변경", "008. 비트 패턴 변경\008. 비트 패턴 변경.vcxproj", "{19CEE0EC-6481-448D-9256-F5FCDA9A5549}"
EndProject
Project("{8BC9CEB8-8B4A-11D0-8D11-00A0C91BC942}") = "009. DIB 생성", "009. DIB 생성\009. DIB 생성.vcxproj", "{D4ABEC1D-D974-40CE-A229-732F5457B5E4}"
EndProject
Project("{8BC9CEB8-8B4A-11D0-8D11-00A0C91BC942}") = "010. 비트 패턴 응용", "010. 비트 패턴 응용\010. 비트 패턴 응용.vcxproj", "{4F8993FE-CD0C-429B-B790-D75B1E482CD6}"
EndProject
Project("{8BC9CEB8-8B4A-11D0-8D11-00A0C91BC942}") = "011. 비트맵 파일 출력", "011. 비트맵 파일 출력\011. 비트맵 파일 출력.vcxproj", "{AAE0F3FD-9E40-4734-87A8-CAA73E23BC4E}"
EndProject
Project("{8BC9CEB8-8B4A-11D0-8D11-00A0C91BC942}") = "012. 타이머", "012. 타이머\012. 타이머.vcxproj", "{069E8B07-3202-4DBE-9EC7-D92BB003F320}"
EndProject
Project("{8BC9CEB8-8B4A-11D0-8D11-00A0C91BC942}") = "013. 펜", "013. 펜\013. 펜.vcxproj", "{1F5729BE-4C7A-4268-A94C-D6787941C232}"
EndProject
Project("{8BC9CEB8-8B4A-11D0-8D11-00A0C91BC942}") = "014. 솔리드 브러시", "014. 솔리드 브러시\014. 솔리드 브러시.vcxproj", "{C7FD1457-2141-4455-9973-D4CAEB0E929A}"
EndProject
Project("{8BC9CEB8-8B4A-11D0-8D11-00A0C91BC942}") = "015. 해치 브러시", "015. 해치 브러시\015. 해치 브러시.vcxproj", "{399CC85F-C3A2-436B-B24A-8467B2C1360F}"
EndProject
Project("{8BC9CEB8-8B4A-11D0-8D11-00A0C91BC942}") = "016. 기본 DC 속성 변경", "016. 기본 DC 속성 변경\016. 기본 DC 속성 변경.vcxproj", "{B18214B2-61F2-4FAE-A025-9A9B9BB9F9A5}"
EndProject
Global
	GlobalSection(SolutionConfigurationPlatforms) = preSolution
		Debug|Any CPU = Debug|Any CPU
		Debug|x64 = Debug|x64
		Debug|x86 = Debug|x86
		Release|Any CPU = Release|Any CPU
		Release|x64 = Release|x64
		Release|x86 = Release|x86
	EndGlobalSection
	GlobalSection(ProjectConfigurationPlatforms) = postSolution
		{45B2E265-A23C-4851-BDFF-77289162288D}.Debug|Any CPU.ActiveCfg = Debug|Win32
		{45B2E265-A23C-4851-BDFF-77289162288D}.Debug|x64.ActiveCfg = Debug|x64
		{45B2E265-A23C-4851-BDFF-77289162288D}.Debug|x64.Build.0 = Debug|x64
		{45B2E265-A23C-4851-BDFF-77289162288D}.Debug|x86.ActiveCfg = Debug|Win32
		{45B2E265-A23C-4851-BDFF-77289162288D}.Debug|x86.Build.0 = Debug|Win32
		{45B2E265-A23C-4851-BDFF-77289162288D}.Release|Any CPU.ActiveCfg = Release|Win32
		{45B2E265-A23C-4851-BDFF-77289162288D}.Release|x64.ActiveCfg = Release|x64
		{45B2E265-A23C-4851-BDFF-77289162288D}.Release|x64.Build.0 = Release|x64
		{45B2E265-A23C-4851-BDFF-77289162288D}.Release|x86.ActiveCfg = Release|Win32
		{45B2E265-A23C-4851-BDFF-77289162288D}.Release|x86.Build.0 = Release|Win32
		{A03EA666-B053-4092-928D-204359E491EF}.Debug|Any CPU.ActiveCfg = Debug|Win32
		{A03EA666-B053-4092-928D-204359E491EF}.Debug|x64.ActiveCfg = Debug|x64
		{A03EA666-B053-4092-928D-204359E491EF}.Debug|x64.Build.0 = Debug|x64
		{A03EA666-B053-4092-928D-204359E491EF}.Debug|x86.ActiveCfg = Debug|Win32
		{A03EA666-B053-4092-928D-204359E491EF}.Debug|x86.Build.0 = Debug|Win32
		{A03EA666-B053-4092-928D-204359E491EF}.Release|Any CPU.ActiveCfg = Release|Win32
		{A03EA666-B053-4092-928D-204359E491EF}.Release|x64.ActiveCfg = Release|x64
		{A03EA666-B053-4092-928D-204359E491EF}.Release|x64.Build.0 = Release|x64
		{A03EA666-B053-4092-928D-204359E491EF}.Release|x86.ActiveCfg = Release|Win32
		{A03EA666-B053-4092-928D-204359E491EF}.Release|x86.Build.0 = Release|Win32
		{A5F1CDFB-0EC4-4567-869A-15785AC7CD92}.Debug|Any CPU.ActiveCfg = Debug|Win32
		{A5F1CDFB-0EC4-4567-869A-15785AC7CD92}.Debug|x64.ActiveCfg = Debug|x64
		{A5F1CDFB-0EC4-4567-869A-15785AC7CD92}.Debug|x64.Build.0 = Debug|x64
		{A5F1CDFB-0EC4-4567-869A-15785AC7CD92}.Debug|x86.ActiveCfg = Debug|Win32
		{A5F1CDFB-0EC4-4567-869A-15785AC7CD92}.Debug|x86.Build.0 = Debug|Win32
		{A5F1CDFB-0EC4-4567-869A-15785AC7CD92}.Release|Any CPU.ActiveCfg = Release|Win32
		{A5F1CDFB-0EC4-4567-869A-15785AC7CD92}.Release|x64.ActiveCfg = Release|x64
		{A5F1CDFB-0EC4-4567-869A-15785AC7CD92}.Release|x64.Build.0 = Release|x64
		{A5F1CDFB-0EC4-4567-869A-15785AC7CD92}.Release|x86.ActiveCfg = Release|Win32
		{A5F1CDFB-0EC4-4567-869A-15785AC7CD92}.Release|x86.Build.0 = Release|Win32
		{DAF73DBC-6EC3-472E-95B2-C4E34C46B88D}.Debug|Any CPU.ActiveCfg = Debug|Win32
		{DAF73DBC-6EC3-472E-95B2-C4E34C46B88D}.Debug|x64.ActiveCfg = Debug|x64
		{DAF73DBC-6EC3-472E-95B2-C4E34C46B88D}.Debug|x64.Build.0 = Debug|x64
		{DAF73DBC-6EC3-472E-95B2-C4E34C46B88D}.Debug|x86.ActiveCfg = Debug|Win32
		{DAF73DBC-6EC3-472E-95B2-C4E34C46B88D}.Debug|x86.Build.0 = Debug|Win32
		{DAF73DBC-6EC3-472E-95B2-C4E34C46B88D}.Release|Any CPU.ActiveCfg = Release|Win32
		{DAF73DBC-6EC3-472E-95B2-C4E34C46B88D}.Release|x64.ActiveCfg = Release|x64
		{DAF73DBC-6EC3-472E-95B2-C4E34C46B88D}.Release|x64.Build.0 = Release|x64
		{DAF73DBC-6EC3-472E-95B2-C4E34C46B88D}.Release|x86.ActiveCfg = Release|Win32
		{DAF73DBC-6EC3-472E-95B2-C4E34C46B88D}.Release|x86.Build.0 = Release|Win32
		{77A825BD-8D25-4DD6-921C-5AE3503997CC}.Debug|Any CPU.ActiveCfg = Debug|Win32
		{77A825BD-8D25-4DD6-921C-5AE3503997CC}.Debug|x64.ActiveCfg = Debug|x64
		{77A825BD-8D25-4DD6-921C-5AE3503997CC}.Debug|x64.Build.0 = Debug|x64
		{77A825BD-8D25-4DD6-921C-5AE3503997CC}.Debug|x86.ActiveCfg = Debug|Win32
		{77A825BD-8D25-4DD6-921C-5AE3503997CC}.Debug|x86.Build.0 = Debug|Win32
		{77A825BD-8D25-4DD6-921C-5AE3503997CC}.Release|Any CPU.ActiveCfg = Release|Win32
		{77A825BD-8D25-4DD6-921C-5AE3503997CC}.Release|x64.ActiveCfg = Release|x64
		{77A825BD-8D25-4DD6-921C-5AE3503997CC}.Release|x64.Build.0 = Release|x64
		{77A825BD-8D25-4DD6-921C-5AE3503997CC}.Release|x86.ActiveCfg = Release|Win32
		{77A825BD-8D25-4DD6-921C-5AE3503997CC}.Release|x86.Build.0 = Release|Win32
		{96C816A5-8AD2-4FB1-8F23-67EBC28DC3D7}.Debug|Any CPU.ActiveCfg = Debug|Win32
		{96C816A5-8AD2-4FB1-8F23-67EBC28DC3D7}.Debug|x64.ActiveCfg = Debug|x64
		{96C816A5-8AD2-4FB1-8F23-67EBC28DC3D7}.Debug|x64.Build.0 = Debug|x64
		{96C816A5-8AD2-4FB1-8F23-67EBC28DC3D7}.Debug|x86.ActiveCfg = Debug|Win32
		{96C816A5-8AD2-4FB1-8F23-67EBC28DC3D7}.Debug|x86.Build.0 = Debug|Win32
		{96C816A5-8AD2-4FB1-8F23-67EBC28DC3D7}.Release|Any CPU.ActiveCfg = Release|Win32
		{96C816A5-8AD2-4FB1-8F23-67EBC28DC3D7}.Release|x64.ActiveCfg = Release|x64
		{96C816A5-8AD2-4FB1-8F23-67EBC28DC3D7}.Release|x64.Build.0 = Release|x64
		{96C816A5-8AD2-4FB1-8F23-67EBC28DC3D7}.Release|x86.ActiveCfg = Release|Win32
		{96C816A5-8AD2-4FB1-8F23-67EBC28DC3D7}.Release|x86.Build.0 = Release|Win32
		{19598C12-E803-4482-8D52-A38A134BBB0D}.Debug|Any CPU.ActiveCfg = Debug|Win32
		{19598C12-E803-4482-8D52-A38A134BBB0D}.Debug|x64.ActiveCfg = Debug|x64
		{19598C12-E803-4482-8D52-A38A134BBB0D}.Debug|x64.Build.0 = Debug|x64
		{19598C12-E803-4482-8D52-A38A134BBB0D}.Debug|x86.ActiveCfg = Debug|Win32
		{19598C12-E803-4482-8D52-A38A134BBB0D}.Debug|x86.Build.0 = Debug|Win32
		{19598C12-E803-4482-8D52-A38A134BBB0D}.Release|Any CPU.ActiveCfg = Release|Win32
		{19598C12-E803-4482-8D52-A38A134BBB0D}.Release|x64.ActiveCfg = Release|x64
		{19598C12-E803-4482-8D52-A38A134BBB0D}.Release|x64.Build.0 = Release|x64
		{19598C12-E803-4482-8D52-A38A134BBB0D}.Release|x86.ActiveCfg = Release|Win32
		{19598C12-E803-4482-8D52-A38A134BBB0D}.Release|x86.Build.0 = Release|Win32
		{19CEE0EC-6481-448D-9256-F5FCDA9A5549}.Debug|Any CPU.ActiveCfg = Debug|Win32
		{19CEE0EC-6481-448D-9256-F5FCDA9A5549}.Debug|x64.ActiveCfg = Debug|x64
		{19CEE0EC-6481-448D-9256-F5FCDA9A5549}.Debug|x64.Build.0 = Debug|x64
		{19CEE0EC-6481-448D-9256-F5FCDA9A5549}.Debug|x86.ActiveCfg = Debug|Win32
		{19CEE0EC-6481-448D-9256-F5FCDA9A5549}.Debug|x86.Build.0 = Debug|Win32
		{19CEE0EC-6481-448D-9256-F5FCDA9A5549}.Release|Any CPU.ActiveCfg = Release|Win32
		{19CEE0EC-6481-448D-9256-F5FCDA9A5549}.Release|x64.ActiveCfg = Release|x64
		{19CEE0EC-6481-448D-9256-F5FCDA9A5549}.Release|x64.Build.0 = Release|x64
		{19CEE0EC-6481-448D-9256-F5FCDA9A5549}.Release|x86.ActiveCfg = Release|Win32
		{19CEE0EC-6481-448D-9256-F5FCDA9A5549}.Release|x86.Build.0 = Release|Win32
		{D4ABEC1D-D974-40CE-A229-732F5457B5E4}.Debug|Any CPU.ActiveCfg = Debug|Win32
		{D4ABEC1D-D974-40CE-A229-732F5457B5E4}.Debug|x64.ActiveCfg = Debug|x64
		{D4ABEC1D-D974-40CE-A229-732F5457B5E4}.Debug|x64.Build.0 = Debug|x64
		{D4ABEC1D-D974-40CE-A229-732F5457B5E4}.Debug|x86.ActiveCfg = Debug|Win32
		{D4ABEC1D-D974-40CE-A229-732F5457B5E4}.Debug|x86.Build.0 = Debug|Win32
		{D4ABEC1D-D974-40CE-A229-732F5457B5E4}.Release|Any CPU.ActiveCfg = Release|Win32
		{D4ABEC1D-D974-40CE-A229-732F5457B5E4}.Release|x64.ActiveCfg = Release|x64
		{D4ABEC1D-D974-40CE-A229-732F5457B5E4}.Release|x64.Build.0 = Release|x64
		{D4ABEC1D-D974-40CE-A229-732F5457B5E4}.Release|x86.ActiveCfg = Release|Win32
		{D4ABEC1D-D974-40CE-A229-732F5457B5E4}.Release|x86.Build.0 = Release|Win32
		{4F8993FE-CD0C-429B-B790-D75B1E482CD6}.Debug|Any CPU.ActiveCfg = Debug|Win32
		{4F8993FE-CD0C-429B-B790-D75B1E482CD6}.Debug|x64.ActiveCfg = Debug|x64
		{4F8993FE-CD0C-429B-B790-D75B1E482CD6}.Debug|x64.Build.0 = Debug|x64
		{4F8993FE-CD0C-429B-B790-D75B1E482CD6}.Debug|x86.ActiveCfg = Debug|Win32
		{4F8993FE-CD0C-429B-B790-D75B1E482CD6}.Debug|x86.Build.0 = Debug|Win32
		{4F8993FE-CD0C-429B-B790-D75B1E482CD6}.Release|Any CPU.ActiveCfg = Release|Win32
		{4F8993FE-CD0C-429B-B790-D75B1E482CD6}.Release|x64.ActiveCfg = Release|x64
		{4F8993FE-CD0C-429B-B790-D75B1E482CD6}.Release|x64.Build.0 = Release|x64
		{4F8993FE-CD0C-429B-B790-D75B1E482CD6}.Release|x86.ActiveCfg = Release|Win32
		{4F8993FE-CD0C-429B-B790-D75B1E482CD6}.Release|x86.Build.0 = Release|Win32
		{AAE0F3FD-9E40-4734-87A8-CAA73E23BC4E}.Debug|Any CPU.ActiveCfg = Debug|Win32
		{AAE0F3FD-9E40-4734-87A8-CAA73E23BC4E}.Debug|x64.ActiveCfg = Debug|x64
		{AAE0F3FD-9E40-4734-87A8-CAA73E23BC4E}.Debug|x64.Build.0 = Debug|x64
		{AAE0F3FD-9E40-4734-87A8-CAA73E23BC4E}.Debug|x86.ActiveCfg = Debug|Win32
		{AAE0F3FD-9E40-4734-87A8-CAA73E23BC4E}.Debug|x86.Build.0 = Debug|Win32
		{AAE0F3FD-9E40-4734-87A8-CAA73E23BC4E}.Release|Any CPU.ActiveCfg = Release|Win32
		{AAE0F3FD-9E40-4734-87A8-CAA73E23BC4E}.Release|x64.ActiveCfg = Release|x64
		{AAE0F3FD-9E40-4734-87A8-CAA73E23BC4E}.Release|x64.Build.0 = Release|x64
		{AAE0F3FD-9E40-4734-87A8-CAA73E23BC4E}.Release|x86.ActiveCfg = Release|Win32
		{AAE0F3FD-9E40-4734-87A8-CAA73E23BC4E}.Release|x86.Build.0 = Release|Win32
		{069E8B07-3202-4DBE-9EC7-D92BB003F320}.Debug|Any CPU.ActiveCfg = Debug|Win32
		{069E8B07-3202-4DBE-9EC7-D92BB003F320}.Debug|x64.ActiveCfg = Debug|x64
		{069E8B07-3202-4DBE-9EC7-D92BB003F320}.Debug|x64.Build.0 = Debug|x64
		{069E8B07-3202-4DBE-9EC7-D92BB003F320}.Debug|x86.ActiveCfg = Debug|Win32
		{069E8B07-3202-4DBE-9EC7-D92BB003F320}.Debug|x86.Build.0 = Debug|Win32
		{069E8B07-3202-4DBE-9EC7-D92BB003F320}.Release|Any CPU.ActiveCfg = Release|Win32
		{069E8B07-3202-4DBE-9EC7-D92BB003F320}.Release|x64.ActiveCfg = Release|x64
		{069E8B07-3202-4DBE-9EC7-D92BB003F320}.Release|x64.Build.0 = Release|x64
		{069E8B07-3202-4DBE-9EC7-D92BB003F320}.Release|x86.ActiveCfg = Release|Win32
		{069E8B07-3202-4DBE-9EC7-D92BB003F320}.Release|x86.Build.0 = Release|Win32
		{1F5729BE-4C7A-4268-A94C-D6787941C232}.Debug|Any CPU.ActiveCfg = Debug|Win32
		{1F5729BE-4C7A-4268-A94C-D6787941C232}.Debug|x64.ActiveCfg = Debug|x64
		{1F5729BE-4C7A-4268-A94C-D6787941C232}.Debug|x64.Build.0 = Debug|x64
		{1F5729BE-4C7A-4268-A94C-D6787941C232}.Debug|x86.ActiveCfg = Debug|Win32
		{1F5729BE-4C7A-4268-A94C-D6787941C232}.Debug|x86.Build.0 = Debug|Win32
		{1F5729BE-4C7A-4268-A94C-D6787941C232}.Release|Any CPU.ActiveCfg = Release|Win32
		{1F5729BE-4C7A-4268-A94C-D6787941C232}.Release|x64.ActiveCfg = Release|x64
		{1F5729BE-4C7A-4268-A94C-D6787941C232}.Release|x64.Build.0 = Release|x64
		{1F5729BE-4C7A-4268-A94C-D6787941C232}.Release|x86.ActiveCfg = Release|Win32
		{1F5729BE-4C7A-4268-A94C-D6787941C232}.Release|x86.Build.0 = Release|Win32
		{C7FD1457-2141-4455-9973-D4CAEB0E929A}.Debug|Any CPU.ActiveCfg = Debug|Win32
		{C7FD1457-2141-4455-9973-D4CAEB0E929A}.Debug|x64.ActiveCfg = Debug|x64
		{C7FD1457-2141-4455-9973-D4CAEB0E929A}.Debug|x64.Build.0 = Debug|x64
		{C7FD1457-2141-4455-9973-D4CAEB0E929A}.Debug|x86.ActiveCfg = Debug|Win32
		{C7FD1457-2141-4455-9973-D4CAEB0E929A}.Debug|x86.Build.0 = Debug|Win32
		{C7FD1457-2141-4455-9973-D4CAEB0E929A}.Release|Any CPU.ActiveCfg = Release|Win32
		{C7FD1457-2141-4455-9973-D4CAEB0E929A}.Release|x64.ActiveCfg = Release|x64
		{C7FD1457-2141-4455-9973-D4CAEB0E929A}.Release|x64.Build.0 = Release|x64
		{C7FD1457-2141-4455-9973-D4CAEB0E929A}.Release|x86.ActiveCfg = Release|Win32
		{C7FD1457-2141-4455-9973-D4CAEB0E929A}.Release|x86.Build.0 = Release|Win32
		{399CC85F-C3A2-436B-B24A-8467B2C1360F}.Debug|Any CPU.ActiveCfg = Debug|Win32
		{399CC85F-C3A2-436B-B24A-8467B2C1360F}.Debug|x64.ActiveCfg = Debug|x64
		{399CC85F-C3A2-436B-B24A-8467B2C1360F}.Debug|x64.Build.0 = Debug|x64
		{399CC85F-C3A2-436B-B24A-8467B2C1360F}.Debug|x86.ActiveCfg = Debug|Win32
		{399CC85F-C3A2-436B-B24A-8467B2C1360F}.Debug|x86.Build.0 = Debug|Win32
		{399CC85F-C3A2-436B-B24A-8467B2C1360F}.Release|Any CPU.ActiveCfg = Release|Win32
		{399CC85F-C3A2-436B-B24A-8467B2C1360F}.Release|x64.ActiveCfg = Release|x64
		{399CC85F-C3A2-436B-B24A-8467B2C1360F}.Release|x64.Build.0 = Release|x64
		{399CC85F-C3A2-436B-B24A-8467B2C1360F}.Release|x86.ActiveCfg = Release|Win32
		{399CC85F-C3A2-436B-B24A-8467B2C1360F}.Release|x86.Build.0 = Release|Win32
		{B18214B2-61F2-4FAE-A025-9A9B9BB9F9A5}.Debug|Any CPU.ActiveCfg = Debug|Win32
		{B18214B2-61F2-4FAE-A025-9A9B9BB9F9A5}.Debug|x64.ActiveCfg = Debug|x64
		{B18214B2-61F2-4FAE-A025-9A9B9BB9F9A5}.Debug|x64.Build.0 = Debug|x64
		{B18214B2-61F2-4FAE-A025-9A9B9BB9F9A5}.Debug|x86.ActiveCfg = Debug|Win32
		{B18214B2-61F2-4FAE-A025-9A9B9BB9F9A5}.Debug|x86.Build.0 = Debug|Win32
		{B18214B2-61F2-4FAE-A025-9A9B9BB9F9A5}.Release|Any CPU.ActiveCfg = Release|Win32
		{B18214B2-61F2-4FAE-A025-9A9B9BB9F9A5}.Release|x64.ActiveCfg = Release|x64
		{B18214B2-61F2-4FAE-A025-9A9B9BB9F9A5}.Release|x64.Build.0 = Release|x64
		{B18214B2-61F2-4FAE-A025-9A9B9BB9F9A5}.Release|x86.ActiveCfg = Release|Win32
		{B18214B2-61F2-4FAE-A025-9A9B9BB9F9A5}.Release|x86.Build.0 = Release|Win32
	EndGlobalSection
	GlobalSection(SolutionProperties) = preSolution
		HideSolutionNode = FALSE
	EndGlobalSection
	GlobalSection(ExtensibilityGlobals) = postSolution
		SolutionGuid = {AF7EDB17-DFAB-4DAD-9BA0-234D9F1BF4D3}
	EndGlobalSection
EndGlobal
