<?xml version="1.0" encoding="utf-8"?>
<Project ToolsVersion="4.0" xmlns="http://schemas.microsoft.com/developer/msbuild/2003">
  <ItemGroup>
    <Filter Include="source">
      <UniqueIdentifier>{4FC737F1-C7A5-4376-A066-2A32D752A2FF}</UniqueIdentifier>
      <Extensions>cpp;c;cc;cxx;def;odl;idl;hpj;bat;asm;asmx</Extensions>
    </Filter>
    <Filter Include="source\game">
      <UniqueIdentifier>{e686753b-81cc-456f-87b6-feedc9e7b478}</UniqueIdentifier>
    </Filter>
    <Filter Include="source\system">
      <UniqueIdentifier>{ec8d81f2-b484-416a-ba4b-fef89c7c02a6}</UniqueIdentifier>
    </Filter>
    <Filter Include="source\game\1. scene">
      <UniqueIdentifier>{bfb869f7-a8f1-4e6c-b223-3466705655d6}</UniqueIdentifier>
    </Filter>
    <Filter Include="source\game\2. object">
      <UniqueIdentifier>{1263fab4-b3b5-4ec1-95f2-a06031b27e11}</UniqueIdentifier>
    </Filter>
    <Filter Include="resource">
      <UniqueIdentifier>{67DA6AB6-F800-4c08-8B7A-83BB121AAD01}</UniqueIdentifier>
      <Extensions>rc;ico;cur;bmp;dlg;rc2;rct;bin;rgs;gif;jpg;jpeg;jpe;resx;tiff;tif;png;wav;mfcribbon-ms</Extensions>
    </Filter>
    <Filter Include="source\system\3. math">
      <UniqueIdentifier>{38d5db3b-dc2f-4a9f-b094-688c136acd2c}</UniqueIdentifier>
    </Filter>
    <Filter Include="source\game\1. scene\layer">
      <UniqueIdentifier>{9bae3560-cc89-4600-9aff-118a16a98fc5}</UniqueIdentifier>
    </Filter>
    <Filter Include="source\system\1. base">
      <UniqueIdentifier>{d4b5ddbb-c68a-466e-8fed-9e1917ecc107}</UniqueIdentifier>
    </Filter>
    <Filter Include="source\system\1. base\1. common">
      <UniqueIdentifier>{038f8590-64fc-411d-b6ae-8e3be5509070}</UniqueIdentifier>
    </Filter>
    <Filter Include="source\system\1. base\2. misc">
      <UniqueIdentifier>{400f2981-f875-4520-892f-f25c6b85a439}</UniqueIdentifier>
    </Filter>
    <Filter Include="source\system\2. global_instance">
      <UniqueIdentifier>{8cc20afc-15f9-454a-b98c-c3cc94825860}</UniqueIdentifier>
    </Filter>
    <Filter Include="source\system\2. global_instance\1. manager">
      <UniqueIdentifier>{52966e0f-f975-4f1c-9b19-8ff28b1017e3}</UniqueIdentifier>
    </Filter>
    <Filter Include="source\system\2. global_instance\2. misc">
      <UniqueIdentifier>{9334d7c6-ae37-4b59-9b22-975ee2c60b46}</UniqueIdentifier>
    </Filter>
    <Filter Include="source\system\3. math\1. 2D">
      <UniqueIdentifier>{fd5e8754-a1af-46fb-a886-ae778a47beb9}</UniqueIdentifier>
    </Filter>
    <Filter Include="source\system\3. math\2. 3D">
      <UniqueIdentifier>{3800494a-f9c3-483a-97ad-bdea7baafb16}</UniqueIdentifier>
    </Filter>
  </ItemGroup>
  <ItemGroup>
    <ClCompile Include="source\main.cpp">
      <Filter>source</Filter>
    </ClCompile>
    <ClCompile Include="source\game\scene\RXScene.cpp">
      <Filter>source\game\1. scene</Filter>
    </ClCompile>
    <ClCompile Include="source\system\math\2D\RXVector2D.cpp">
      <Filter>source\system\3. math\1. 2D</Filter>
    </ClCompile>
    <ClCompile Include="source\game\scene\layer\layer.cpp">
      <Filter>source\game\1. scene\layer</Filter>
    </ClCompile>
    <ClCompile Include="source\game\object\game_object.cpp">
      <Filter>source\game\2. object</Filter>
    </ClCompile>
    <ClCompile Include="source\system\global_instance\manager\RXSceneMgr.cpp">
      <Filter>source\system\2. global_instance\1. manager</Filter>
    </ClCompile>
    <ClCompile Include="source\system\global_instance\manager\RXProgramFPSMgr.cpp">
      <Filter>source\system\2. global_instance\1. manager</Filter>
    </ClCompile>
    <ClCompile Include="source\system\global_instance\misc\RXCore.cpp">
      <Filter>source\system\2. global_instance\2. misc</Filter>
    </ClCompile>
    <ClCompile Include="source\system\base\misc\RXTimer.cpp">
      <Filter>source\system\1. base\2. misc</Filter>
    </ClCompile>
    <ClCompile Include="source\system\base\common\global_function_impl.cpp">
      <Filter>source\system\1. base\1. common</Filter>
    </ClCompile>
    <ClCompile Include="source\system\global_instance\misc\RXPerformanceProfiler.cpp">
      <Filter>source\system\2. global_instance\2. misc</Filter>
    </ClCompile>
  </ItemGroup>
  <ItemGroup>
    <Text Include="source\Project Guide.txt">
      <Filter>source</Filter>
    </Text>
  </ItemGroup>
  <ItemGroup>
    <ClInclude Include="source\main.h">
      <Filter>source</Filter>
    </ClInclude>
    <ClInclude Include="source\game\scene\RXScene.h">
      <Filter>source\game\1. scene</Filter>
    </ClInclude>
    <ClInclude Include="source\resource.h">
      <Filter>source</Filter>
    </ClInclude>
    <ClInclude Include="source\system\math\2D\RXVector2D.h">
      <Filter>source\system\3. math\1. 2D</Filter>
    </ClInclude>
    <ClInclude Include="source\game\scene\layer\layer.h">
      <Filter>source\game\1. scene\layer</Filter>
    </ClInclude>
    <ClInclude Include="source\game\object\game_object.h">
      <Filter>source\game\2. object</Filter>
    </ClInclude>
    <ClInclude Include="source\system\core\misc\RXBaseInterface.h">
      <Filter>source\system\1. base\2. misc</Filter>
    </ClInclude>
    <ClInclude Include="source\system\global_instance\manager\RXProgramFPSMgr.h">
      <Filter>source\system\2. global_instance\1. manager</Filter>
    </ClInclude>
    <ClInclude Include="source\system\global_instance\manager\RXSceneMgr.h">
      <Filter>source\system\2. global_instance\1. manager</Filter>
    </ClInclude>
    <ClInclude Include="source\system\global_instance\misc\RXCore.h">
      <Filter>source\system\2. global_instance\2. misc</Filter>
    </ClInclude>
    <ClInclude Include="source\system\base\misc\RXTimer.h">
      <Filter>source\system\1. base\2. misc</Filter>
    </ClInclude>
    <ClInclude Include="source\system\base\common\global_constant.h">
      <Filter>source\system\1. base\1. common</Filter>
    </ClInclude>
    <ClInclude Include="source\system\base\common\global_function.h">
      <Filter>source\system\1. base\1. common</Filter>
    </ClInclude>
    <ClInclude Include="source\system\base\common\global_type.h">
      <Filter>source\system\1. base\1. common</Filter>
    </ClInclude>
    <ClInclude Include="source\system\base\common\global_variable_declaration.h">
      <Filter>source\system\1. base\1. common</Filter>
    </ClInclude>
    <ClInclude Include="source\system\base\common\macro.h">
      <Filter>source\system\1. base\1. common</Filter>
    </ClInclude>
    <ClInclude Include="source\system\base\common\common.h">
      <Filter>source\system\1. base\1. common</Filter>
    </ClInclude>
    <ClInclude Include="source\system\base\common\common_base.h">
      <Filter>source\system\1. base\1. common</Filter>
    </ClInclude>
    <ClInclude Include="source\system\global_instance\misc\RXPerformanceProfiler.h">
      <Filter>source\system\2. global_instance\2. misc</Filter>
    </ClInclude>
  </ItemGroup>
  <ItemGroup>
    <ResourceCompile Include="003. 기본 프레임워크.rc">
      <Filter>resource</Filter>
    </ResourceCompile>
  </ItemGroup>
  <ItemGroup>
    <Image Include="C:\Users\ruven\Desktop\이미지 모음\Ruvendix.ico">
      <Filter>resource</Filter>
    </Image>
  </ItemGroup>
  <ItemGroup>
    <None Include="C:\Users\ruven\Downloads\Starcraft-2-Cursor-by-Darc1n\Starcraft 2 Cursor by Darc1n\SC2-cursor.cur">
      <Filter>resource</Filter>
    </None>
  </ItemGroup>
</Project>